
Microsoft Visual Studio Solution File, Format Version 12.00
# Visual Studio Version 17
VisualStudioVersion = 17.10.35004.147
MinimumVisualStudioVersion = 10.0.40219.1
Project("{FAE04EC0-301F-11D3-BF4B-00C04F79EFBC}") = "BinomniKoeficijenti", "BinomniKoeficijenti\BinomniKoeficijenti.csproj", "{AF2642CE-4FE1-4C4D-8BB6-E226AAEB4FCE}"
EndProject
Project("{FAE04EC0-301F-11D3-BF4B-00C04F79EFBC}") = "TestProjekt", "TestProjekt\TestProjekt.csproj", "{F12521CE-A885-4C2A-A7E2-C8136EC6514B}"
EndProject
Global
	GlobalSection(SolutionConfigurationPlatforms) = preSolution
		Debug|Any CPU = Debug|Any CPU
		Release|Any CPU = Release|Any CPU
	EndGlobalSection
	GlobalSection(ProjectConfigurationPlatforms) = postSolution
		{AF2642CE-4FE1-4C4D-8BB6-E226AAEB4FCE}.Debug|Any CPU.ActiveCfg = Debug|Any CPU
		{AF2642CE-4FE1-4C4D-8BB6-E226AAEB4FCE}.Debug|Any CPU.Build.0 = Debug|Any CPU
		{AF2642CE-4FE1-4C4D-8BB6-E226AAEB4FCE}.Release|Any CPU.ActiveCfg = Release|Any CPU
		{AF2642CE-4FE1-4C4D-8BB6-E226AAEB4FCE}.Release|Any CPU.Build.0 = Release|Any CPU
		{F12521CE-A885-4C2A-A7E2-C8136EC6514B}.Debug|Any CPU.ActiveCfg = Debug|Any CPU
		{F12521CE-A885-4C2A-A7E2-C8136EC6514B}.Debug|Any CPU.Build.0 = Debug|Any CPU
		{F12521CE-A885-4C2A-A7E2-C8136EC6514B}.Release|Any CPU.ActiveCfg = Release|Any CPU
		{F12521CE-A885-4C2A-A7E2-C8136EC6514B}.Release|Any CPU.Build.0 = Release|Any CPU
	EndGlobalSection
	GlobalSection(SolutionProperties) = preSolution
		HideSolutionNode = FALSE
	EndGlobalSection
	GlobalSection(ExtensibilityGlobals) = postSolution
		SolutionGuid = {3D420A8F-C72C-4669-A6B5-D3669556E8C8}
	EndGlobalSection
EndGlobal
